
Microsoft Visual Studio Solution File, Format Version 12.00
# Visual Studio 15
VisualStudioVersion = 15.0.27703.2026
MinimumVisualStudioVersion = 10.0.40219.1
Project("{9A19103F-16F7-4668-BE54-9A1E7A4F7556}") = "SoftUniRestaurant", "SoftUniRestaurant.csproj", "{61C4742D-1B12-4EB1-84BF-C45848E986C6}"
EndProject
Global
	GlobalSection(SolutionConfigurationPlatforms) = preSolution
		Debug|Any CPU = Debug|Any CPU
		Release|Any CPU = Release|Any CPU
	EndGlobalSection
	GlobalSection(ProjectConfigurationPlatforms) = postSolution
		{61C4742D-1B12-4EB1-84BF-C45848E986C6}.Debug|Any CPU.ActiveCfg = Debug|Any CPU
		{61C4742D-1B12-4EB1-84BF-C45848E986C6}.Debug|Any CPU.Build.0 = Debug|Any CPU
		{61C4742D-1B12-4EB1-84BF-C45848E986C6}.Release|Any CPU.ActiveCfg = Release|Any CPU
		{61C4742D-1B12-4EB1-84BF-C45848E986C6}.Release|Any CPU.Build.0 = Release|Any CPU
	EndGlobalSection
	GlobalSection(SolutionProperties) = preSolution
		HideSolutionNode = FALSE
	EndGlobalSection
	GlobalSection(ExtensibilityGlobals) = postSolution
		SolutionGuid = {434E3059-8C46-4B1F-9CA9-0B94C2BF44FC}
	EndGlobalSection
EndGlobal
