
Microsoft Visual Studio Solution File, Format Version 12.00
# Visual Studio 15
VisualStudioVersion = 15.0.28307.539
MinimumVisualStudioVersion = 10.0.40219.1
Project("{9A19103F-16F7-4668-BE54-9A1E7A4F7556}") = "MortalEngines", "MortalEngines\MortalEngines.csproj", "{A9D14AE8-B144-44B5-9351-EEB36B17D3D0}"
EndProject
Global
	GlobalSection(SolutionConfigurationPlatforms) = preSolution
		Debug|Any CPU = Debug|Any CPU
		Release|Any CPU = Release|Any CPU
	EndGlobalSection
	GlobalSection(ProjectConfigurationPlatforms) = postSolution
		{A9D14AE8-B144-44B5-9351-EEB36B17D3D0}.Debug|Any CPU.ActiveCfg = Debug|Any CPU
		{A9D14AE8-B144-44B5-9351-EEB36B17D3D0}.Debug|Any CPU.Build.0 = Debug|Any CPU
		{A9D14AE8-B144-44B5-9351-EEB36B17D3D0}.Release|Any CPU.ActiveCfg = Release|Any CPU
		{A9D14AE8-B144-44B5-9351-EEB36B17D3D0}.Release|Any CPU.Build.0 = Release|Any CPU
	EndGlobalSection
	GlobalSection(SolutionProperties) = preSolution
		HideSolutionNode = FALSE
	EndGlobalSection
	GlobalSection(ExtensibilityGlobals) = postSolution
		SolutionGuid = {80216CCF-86F2-49F9-B75B-37712B088B3F}
	EndGlobalSection
EndGlobal
