
Microsoft Visual Studio Solution File, Format Version 12.00
# Visual Studio 15
VisualStudioVersion = 15.0.28307.136
MinimumVisualStudioVersion = 10.0.40219.1
Project("{9A19103F-16F7-4668-BE54-9A1E7A4F7556}") = "StorageMaster", "StorageMaster\StorageMaster.csproj", "{99A7EEBB-71B8-421B-AC9B-D99D47B7B105}"
EndProject
Project("{FAE04EC0-301F-11D3-BF4B-00C04F79EFBC}") = "StorageMester.Tests.Structure", "StorageMester.Tests.Structure\StorageMester.Tests.Structure.csproj", "{6C4A62CA-19B1-4607-A7A7-6AD374F72F44}"
EndProject
Project("{FAE04EC0-301F-11D3-BF4B-00C04F79EFBC}") = "StorageMester.BusinessLogic.Tests", "StorageMester.BusinessLogic.Tests\StorageMester.BusinessLogic.Tests.csproj", "{AB4458B3-624B-48CE-8A27-4E21D407D3FD}"
EndProject
Global
	GlobalSection(SolutionConfigurationPlatforms) = preSolution
		Debug|Any CPU = Debug|Any CPU
		Release|Any CPU = Release|Any CPU
	EndGlobalSection
	GlobalSection(ProjectConfigurationPlatforms) = postSolution
		{99A7EEBB-71B8-421B-AC9B-D99D47B7B105}.Debug|Any CPU.ActiveCfg = Debug|Any CPU
		{99A7EEBB-71B8-421B-AC9B-D99D47B7B105}.Debug|Any CPU.Build.0 = Debug|Any CPU
		{99A7EEBB-71B8-421B-AC9B-D99D47B7B105}.Release|Any CPU.ActiveCfg = Release|Any CPU
		{99A7EEBB-71B8-421B-AC9B-D99D47B7B105}.Release|Any CPU.Build.0 = Release|Any CPU
		{6C4A62CA-19B1-4607-A7A7-6AD374F72F44}.Debug|Any CPU.ActiveCfg = Debug|Any CPU
		{6C4A62CA-19B1-4607-A7A7-6AD374F72F44}.Debug|Any CPU.Build.0 = Debug|Any CPU
		{6C4A62CA-19B1-4607-A7A7-6AD374F72F44}.Release|Any CPU.ActiveCfg = Release|Any CPU
		{6C4A62CA-19B1-4607-A7A7-6AD374F72F44}.Release|Any CPU.Build.0 = Release|Any CPU
		{AB4458B3-624B-48CE-8A27-4E21D407D3FD}.Debug|Any CPU.ActiveCfg = Debug|Any CPU
		{AB4458B3-624B-48CE-8A27-4E21D407D3FD}.Debug|Any CPU.Build.0 = Debug|Any CPU
		{AB4458B3-624B-48CE-8A27-4E21D407D3FD}.Release|Any CPU.ActiveCfg = Release|Any CPU
		{AB4458B3-624B-48CE-8A27-4E21D407D3FD}.Release|Any CPU.Build.0 = Release|Any CPU
	EndGlobalSection
	GlobalSection(SolutionProperties) = preSolution
		HideSolutionNode = FALSE
	EndGlobalSection
	GlobalSection(ExtensibilityGlobals) = postSolution
		SolutionGuid = {EF6BC702-6594-475B-A05D-26C777B16F75}
	EndGlobalSection
EndGlobal
